
Microsoft Visual Studio Solution File, Format Version 11.00
# Visual Studio 2010
Project("{FAE04EC0-301F-11D3-BF4B-00C04F79EFBC}") = "Squawkings", "Squawkings\Squawkings.csproj", "{F3B12520-58B7-4280-9F70-BEAE3BE090F3}"
EndProject
Project("{FAE04EC0-301F-11D3-BF4B-00C04F79EFBC}") = "Squawkings.Tests", "Squawkings.Tests\Squawkings.Tests.csproj", "{BF6F00B4-4E15-47C8-B83A-1695C9947E5B}"
EndProject
Project("{2150E333-8FDC-42A3-9474-1A3956D46DE8}") = ".nuget", ".nuget", "{2CF8E861-85F7-4312-9914-EE71C2E7EAB3}"
	ProjectSection(SolutionItems) = preProject
		.nuget\NuGet.Config = .nuget\NuGet.Config
		.nuget\NuGet.exe = .nuget\NuGet.exe
		.nuget\NuGet.targets = .nuget\NuGet.targets
		.nuget\packages.config = .nuget\packages.config
	EndProjectSection
EndProject
Project("{FAE04EC0-301F-11D3-BF4B-00C04F79EFBC}") = "Squawkings.Contracts", "Squawkings.Contracts\Squawkings.Contracts.csproj", "{29B01F5F-9B85-4EFF-A131-F87C161F5A24}"
EndProject
Project("{FAE04EC0-301F-11D3-BF4B-00C04F79EFBC}") = "Squawkings.Api", "Squawkings.Api\Squawkings.Api.csproj", "{997D69B6-5F90-417C-AEE8-2CF13CAD945C}"
EndProject
Global
	GlobalSection(SolutionConfigurationPlatforms) = preSolution
		Debug|Any CPU = Debug|Any CPU
		Debug|Mixed Platforms = Debug|Mixed Platforms
		Debug|x86 = Debug|x86
		Release|Any CPU = Release|Any CPU
		Release|Mixed Platforms = Release|Mixed Platforms
		Release|x86 = Release|x86
	EndGlobalSection
	GlobalSection(ProjectConfigurationPlatforms) = postSolution
		{F3B12520-58B7-4280-9F70-BEAE3BE090F3}.Debug|Any CPU.ActiveCfg = Debug|Any CPU
		{F3B12520-58B7-4280-9F70-BEAE3BE090F3}.Debug|Any CPU.Build.0 = Debug|Any CPU
		{F3B12520-58B7-4280-9F70-BEAE3BE090F3}.Debug|Mixed Platforms.ActiveCfg = Debug|Any CPU
		{F3B12520-58B7-4280-9F70-BEAE3BE090F3}.Debug|Mixed Platforms.Build.0 = Debug|Any CPU
		{F3B12520-58B7-4280-9F70-BEAE3BE090F3}.Debug|x86.ActiveCfg = Debug|Any CPU
		{F3B12520-58B7-4280-9F70-BEAE3BE090F3}.Release|Any CPU.ActiveCfg = Release|Any CPU
		{F3B12520-58B7-4280-9F70-BEAE3BE090F3}.Release|Any CPU.Build.0 = Release|Any CPU
		{F3B12520-58B7-4280-9F70-BEAE3BE090F3}.Release|Mixed Platforms.ActiveCfg = Release|Any CPU
		{F3B12520-58B7-4280-9F70-BEAE3BE090F3}.Release|Mixed Platforms.Build.0 = Release|Any CPU
		{F3B12520-58B7-4280-9F70-BEAE3BE090F3}.Release|x86.ActiveCfg = Release|Any CPU
		{BF6F00B4-4E15-47C8-B83A-1695C9947E5B}.Debug|Any CPU.ActiveCfg = Debug|Any CPU
		{BF6F00B4-4E15-47C8-B83A-1695C9947E5B}.Debug|Any CPU.Build.0 = Debug|Any CPU
		{BF6F00B4-4E15-47C8-B83A-1695C9947E5B}.Debug|Mixed Platforms.ActiveCfg = Debug|Any CPU
		{BF6F00B4-4E15-47C8-B83A-1695C9947E5B}.Debug|Mixed Platforms.Build.0 = Debug|Any CPU
		{BF6F00B4-4E15-47C8-B83A-1695C9947E5B}.Debug|x86.ActiveCfg = Debug|Any CPU
		{BF6F00B4-4E15-47C8-B83A-1695C9947E5B}.Release|Any CPU.ActiveCfg = Release|Any CPU
		{BF6F00B4-4E15-47C8-B83A-1695C9947E5B}.Release|Any CPU.Build.0 = Release|Any CPU
		{BF6F00B4-4E15-47C8-B83A-1695C9947E5B}.Release|Mixed Platforms.ActiveCfg = Release|Any CPU
		{BF6F00B4-4E15-47C8-B83A-1695C9947E5B}.Release|Mixed Platforms.Build.0 = Release|Any CPU
		{BF6F00B4-4E15-47C8-B83A-1695C9947E5B}.Release|x86.ActiveCfg = Release|Any CPU
		{29B01F5F-9B85-4EFF-A131-F87C161F5A24}.Debug|Any CPU.ActiveCfg = Debug|Any CPU
		{29B01F5F-9B85-4EFF-A131-F87C161F5A24}.Debug|Any CPU.Build.0 = Debug|Any CPU
		{29B01F5F-9B85-4EFF-A131-F87C161F5A24}.Debug|Mixed Platforms.ActiveCfg = Debug|Any CPU
		{29B01F5F-9B85-4EFF-A131-F87C161F5A24}.Debug|Mixed Platforms.Build.0 = Debug|Any CPU
		{29B01F5F-9B85-4EFF-A131-F87C161F5A24}.Debug|x86.ActiveCfg = Debug|Any CPU
		{29B01F5F-9B85-4EFF-A131-F87C161F5A24}.Release|Any CPU.ActiveCfg = Release|Any CPU
		{29B01F5F-9B85-4EFF-A131-F87C161F5A24}.Release|Any CPU.Build.0 = Release|Any CPU
		{29B01F5F-9B85-4EFF-A131-F87C161F5A24}.Release|Mixed Platforms.ActiveCfg = Release|Any CPU
		{29B01F5F-9B85-4EFF-A131-F87C161F5A24}.Release|Mixed Platforms.Build.0 = Release|Any CPU
		{29B01F5F-9B85-4EFF-A131-F87C161F5A24}.Release|x86.ActiveCfg = Release|Any CPU
		{997D69B6-5F90-417C-AEE8-2CF13CAD945C}.Debug|Any CPU.ActiveCfg = Debug|x86
		{997D69B6-5F90-417C-AEE8-2CF13CAD945C}.Debug|Mixed Platforms.ActiveCfg = Debug|x86
		{997D69B6-5F90-417C-AEE8-2CF13CAD945C}.Debug|Mixed Platforms.Build.0 = Debug|x86
		{997D69B6-5F90-417C-AEE8-2CF13CAD945C}.Debug|x86.ActiveCfg = Debug|x86
		{997D69B6-5F90-417C-AEE8-2CF13CAD945C}.Debug|x86.Build.0 = Debug|x86
		{997D69B6-5F90-417C-AEE8-2CF13CAD945C}.Release|Any CPU.ActiveCfg = Release|x86
		{997D69B6-5F90-417C-AEE8-2CF13CAD945C}.Release|Mixed Platforms.ActiveCfg = Release|x86
		{997D69B6-5F90-417C-AEE8-2CF13CAD945C}.Release|Mixed Platforms.Build.0 = Release|x86
		{997D69B6-5F90-417C-AEE8-2CF13CAD945C}.Release|x86.ActiveCfg = Release|x86
		{997D69B6-5F90-417C-AEE8-2CF13CAD945C}.Release|x86.Build.0 = Release|x86
	EndGlobalSection
	GlobalSection(SolutionProperties) = preSolution
		HideSolutionNode = FALSE
	EndGlobalSection
EndGlobal
